
Microsoft Visual Studio Solution File, Format Version 11.00
# Visual Studio 2010
Project("{FAE04EC0-301F-11D3-BF4B-00C04F79EFBC}") = "FB", "FB\FB.csproj", "{99E74E7E-97E6-468E-B5B9-29671DF0C84F}"
EndProject
Global
	GlobalSection(SolutionConfigurationPlatforms) = preSolution
		Debug|Any CPU = Debug|Any CPU
		Release|Any CPU = Release|Any CPU
	EndGlobalSection
	GlobalSection(ProjectConfigurationPlatforms) = postSolution
		{99E74E7E-97E6-468E-B5B9-29671DF0C84F}.Debug|Any CPU.ActiveCfg = Debug|Any CPU
		{99E74E7E-97E6-468E-B5B9-29671DF0C84F}.Debug|Any CPU.Build.0 = Debug|Any CPU
		{99E74E7E-97E6-468E-B5B9-29671DF0C84F}.Release|Any CPU.ActiveCfg = Release|Any CPU
		{99E74E7E-97E6-468E-B5B9-29671DF0C84F}.Release|Any CPU.Build.0 = Release|Any CPU
	EndGlobalSection
	GlobalSection(SolutionProperties) = preSolution
		HideSolutionNode = FALSE
	EndGlobalSection
EndGlobal
